Microsoft Visual Studio Solution File, Format Version 12.00
# Visual Studio Version 17
VisualStudioVersion = 17.5.2.0
MinimumVisualStudioVersion = 10.0.40219.1
Project("{2150E333-8FDC-42A3-9474-1A3956D46DE8}") = "CUBANO", "CUBANO", "{D4BCABF3-401C-444D-AFD0-1FD54BB1F231}"
EndProject
Project("{2150E333-8FDC-42A3-9474-1A3956D46DE8}") = "backend", "backend", "{8F43DF53-8A58-01CA-E296-38123A5E072B}"
EndProject
Project("{FAE04EC0-301F-11D3-BF4B-00C04F79EFBC}") = "cubano", "CUBANO\backend\cubano.csproj", "{DA4375E2-A3D3-EBFF-75F0-B1781D28462B}"
EndProject
Global
	GlobalSection(SolutionConfigurationPlatforms) = preSolution
		Debug|Any CPU = Debug|Any CPU
		Release|Any CPU = Release|Any CPU
	EndGlobalSection
	GlobalSection(ProjectConfigurationPlatforms) = postSolution
		{DA4375E2-A3D3-EBFF-75F0-B1781D28462B}.Debug|Any CPU.ActiveCfg = Debug|Any CPU
		{DA4375E2-A3D3-EBFF-75F0-B1781D28462B}.Debug|Any CPU.Build.0 = Debug|Any CPU
		{DA4375E2-A3D3-EBFF-75F0-B1781D28462B}.Release|Any CPU.ActiveCfg = Release|Any CPU
		{DA4375E2-A3D3-EBFF-75F0-B1781D28462B}.Release|Any CPU.Build.0 = Release|Any CPU
	EndGlobalSection
	GlobalSection(SolutionProperties) = preSolution
		HideSolutionNode = FALSE
	EndGlobalSection
	GlobalSection(NestedProjects) = preSolution
		{8F43DF53-8A58-01CA-E296-38123A5E072B} = {D4BCABF3-401C-444D-AFD0-1FD54BB1F231}
		{DA4375E2-A3D3-EBFF-75F0-B1781D28462B} = {8F43DF53-8A58-01CA-E296-38123A5E072B}
	EndGlobalSection
	GlobalSection(ExtensibilityGlobals) = postSolution
		SolutionGuid = {5D1E61B7-A5D9-4E3B-B114-A4293DBC540C}
	EndGlobalSection
EndGlobal
